Microsoft Visual Studio Solution File, Format Version 10.00
# Visual Studio 2008
Project("{8BC9CEB8-8B4A-11D0-8D11-00A0C91BC942}") = "VideoSubFinderWXW", "VideoSubFinderWXW.vcproj", "{6786A82F-9596-45FF-9A44-7C1AF39EDE35}"
	ProjectSection(ProjectDependencies) = postProject
		{B3908609-590E-4361-8E90-8EDC3CD2442C} = {B3908609-590E-4361-8E90-8EDC3CD2442C}
		{BFE25C0A-EA0C-484D-B426-6D7511C9958B} = {BFE25C0A-EA0C-484D-B426-6D7511C9958B}
	EndProjectSection
EndProject
Project("{8BC9CEB8-8B4A-11D0-8D11-00A0C91BC942}") = "DSVideo", "..\..\Components\DSVideo\DSVideo.vcproj", "{B3908609-590E-4361-8E90-8EDC3CD2442C}"
EndProject
Project("{8BC9CEB8-8B4A-11D0-8D11-00A0C91BC942}") = "IPAlgorithms", "..\..\Components\IPAlgorithms\IPAlgorithms.vcproj", "{BFE25C0A-EA0C-484D-B426-6D7511C9958B}"
EndProject
Global
	GlobalSection(SolutionConfigurationPlatforms) = preSolution
		Debug|Win32 = Debug|Win32
		Release|Win32 = Release|Win32
	EndGlobalSection
	GlobalSection(ProjectConfigurationPlatforms) = postSolution
		{6786A82F-9596-45FF-9A44-7C1AF39EDE35}.Debug|Win32.ActiveCfg = Debug|Win32
		{6786A82F-9596-45FF-9A44-7C1AF39EDE35}.Debug|Win32.Build.0 = Debug|Win32
		{6786A82F-9596-45FF-9A44-7C1AF39EDE35}.Release|Win32.ActiveCfg = Release|Win32
		{6786A82F-9596-45FF-9A44-7C1AF39EDE35}.Release|Win32.Build.0 = Release|Win32
		{B3908609-590E-4361-8E90-8EDC3CD2442C}.Debug|Win32.ActiveCfg = Debug|Win32
		{B3908609-590E-4361-8E90-8EDC3CD2442C}.Debug|Win32.Build.0 = Debug|Win32
		{B3908609-590E-4361-8E90-8EDC3CD2442C}.Release|Win32.ActiveCfg = Release|Win32
		{B3908609-590E-4361-8E90-8EDC3CD2442C}.Release|Win32.Build.0 = Release|Win32
		{BFE25C0A-EA0C-484D-B426-6D7511C9958B}.Debug|Win32.ActiveCfg = Debug|Win32
		{BFE25C0A-EA0C-484D-B426-6D7511C9958B}.Debug|Win32.Build.0 = Debug|Win32
		{BFE25C0A-EA0C-484D-B426-6D7511C9958B}.Release|Win32.ActiveCfg = Release|Win32
		{BFE25C0A-EA0C-484D-B426-6D7511C9958B}.Release|Win32.Build.0 = Release|Win32
	EndGlobalSection
	GlobalSection(SolutionProperties) = preSolution
		HideSolutionNode = FALSE
	EndGlobalSection
EndGlobal
